// !$*UTF8*$!
{
	archiveVersion = 1;
	classes = {
	};
	objectVersion = 56;
	objects = {

/* Begin PBXBuildFile section */
		082ACF5D2A024C6E00A2DEFD /* GFItemInfoVC.swift in Sources */ = {isa = PBXBuildFile; fileRef = 082ACF5C2A024C6E00A2DEFD /* GFItemInfoVC.swift */; };
		082ACF652A02611000A2DEFD /* GFRepoItemVC.swift in Sources */ = {isa = PBXBuildFile; fileRef = 082ACF642A02611000A2DEFD /* GFRepoItemVC.swift */; };
		082ACF672A0268C500A2DEFD /* GFFollowerItemVC.swift in Sources */ = {isa = PBXBuildFile; fileRef = 082ACF662A0268C500A2DEFD /* GFFollowerItemVC.swift */; };
		082ACF6A2A02776200A2DEFD /* Date+Ext.swift in Sources */ = {isa = PBXBuildFile; fileRef = 082ACF692A02776200A2DEFD /* Date+Ext.swift */; };
		082ACF6C2A02797300A2DEFD /* String+Ext.swift in Sources */ = {isa = PBXBuildFile; fileRef = 082ACF6B2A02797300A2DEFD /* String+Ext.swift */; };
		08DA076029FE3DC30095A194 /* Follower.swift in Sources */ = {isa = PBXBuildFile; fileRef = 08DA075F29FE3DC30095A194 /* Follower.swift */; };
		08DA076229FE3EEB0095A194 /* User.swift in Sources */ = {isa = PBXBuildFile; fileRef = 08DA076129FE3EEB0095A194 /* User.swift */; };
		08DA076529FE59540095A194 /* NetworkManager.swift in Sources */ = {isa = PBXBuildFile; fileRef = 08DA076429FE59540095A194 /* NetworkManager.swift */; };
		08DA077029FE9E040095A194 /* GFNetworkError.swift in Sources */ = {isa = PBXBuildFile; fileRef = 08DA076F29FE9E040095A194 /* GFNetworkError.swift */; };
		08DA077529FEBCFB0095A194 /* FollowerCell.swift in Sources */ = {isa = PBXBuildFile; fileRef = 08DA077429FEBCFB0095A194 /* FollowerCell.swift */; };
		08DA077729FEBE120095A194 /* GFAvatarImageView.swift in Sources */ = {isa = PBXBuildFile; fileRef = 08DA077629FEBE120095A194 /* GFAvatarImageView.swift */; };
		08DA077B29FF9BCC0095A194 /* UIHelper.swift in Sources */ = {isa = PBXBuildFile; fileRef = 08DA077A29FF9BCC0095A194 /* UIHelper.swift */; };
		08DA078A2A00422D0095A194 /* GFEmptyStateView.swift in Sources */ = {isa = PBXBuildFile; fileRef = 08DA07892A00422D0095A194 /* GFEmptyStateView.swift */; };
		08DA078E2A00F4690095A194 /* UserInfoVC.swift in Sources */ = {isa = PBXBuildFile; fileRef = 08DA078D2A00F4690095A194 /* UserInfoVC.swift */; };
		08DA07942A0147850095A194 /* GFUserInfoHeaderVC.swift in Sources */ = {isa = PBXBuildFile; fileRef = 08DA07932A0147850095A194 /* GFUserInfoHeaderVC.swift */; };
		08DA07962A0148180095A194 /* GFSubtitleLabel.swift in Sources */ = {isa = PBXBuildFile; fileRef = 08DA07952A0148180095A194 /* GFSubtitleLabel.swift */; };
		08DA07982A0160160095A194 /* Constants.swift in Sources */ = {isa = PBXBuildFile; fileRef = 08DA07972A0160160095A194 /* Constants.swift */; };
		08DA07A42A0239180095A194 /* GFItemInfoView.swift in Sources */ = {isa = PBXBuildFile; fileRef = 08DA07A32A0239180095A194 /* GFItemInfoView.swift */; };
		08F3582229F832C70058845D /* AppDelegate.swift in Sources */ = {isa = PBXBuildFile; fileRef = 08F3582129F832C70058845D /* AppDelegate.swift */; };
		08F3582429F832C70058845D /* SceneDelegate.swift in Sources */ = {isa = PBXBuildFile; fileRef = 08F3582329F832C70058845D /* SceneDelegate.swift */; };
		08F3582B29F832CA0058845D /* Assets.xcassets in Resources */ = {isa = PBXBuildFile; fileRef = 08F3582A29F832CA0058845D /* Assets.xcassets */; };
		08F3582E29F832CA0058845D /* LaunchScreen.storyboard in Resources */ = {isa = PBXBuildFile; fileRef = 08F3582C29F832CA0058845D /* LaunchScreen.storyboard */; };
		08F3585029F841D40058845D /* SearchVC.swift in Sources */ = {isa = PBXBuildFile; fileRef = 08F3584F29F841D40058845D /* SearchVC.swift */; };
		08F3585629F8439B0058845D /* FavoritesVC.swift in Sources */ = {isa = PBXBuildFile; fileRef = 08F3585529F8439B0058845D /* FavoritesVC.swift */; };
		08F3585A29F924510058845D /* GFButton.swift in Sources */ = {isa = PBXBuildFile; fileRef = 08F3585929F924510058845D /* GFButton.swift */; };
		08F3586029F932710058845D /* GFSearchField.swift in Sources */ = {isa = PBXBuildFile; fileRef = 08F3585F29F932710058845D /* GFSearchField.swift */; };
		08F3586629F97E000058845D /* FollowersListVC.swift in Sources */ = {isa = PBXBuildFile; fileRef = 08F3586529F97DFF0058845D /* FollowersListVC.swift */; };
		08F3586A29F992DB0058845D /* GFTitleLabel.swift in Sources */ = {isa = PBXBuildFile; fileRef = 08F3586929F992DB0058845D /* GFTitleLabel.swift */; };
		08F3586C29F995160058845D /* GFBodyLabel.swift in Sources */ = {isa = PBXBuildFile; fileRef = 08F3586B29F995160058845D /* GFBodyLabel.swift */; };
		08F3586E29F9966B0058845D /* GFAlertVC.swift in Sources */ = {isa = PBXBuildFile; fileRef = 08F3586D29F9966B0058845D /* GFAlertVC.swift */; };
		08F3587229F9A9390058845D /* UIViewController+Ext.swift in Sources */ = {isa = PBXBuildFile; fileRef = 08F3587129F9A9390058845D /* UIViewController+Ext.swift */; };
		08F3589C29FD06CF0058845D /* GFAlertContainerView.swift in Sources */ = {isa = PBXBuildFile; fileRef = 08F3589B29FD06CF0058845D /* GFAlertContainerView.swift */; };
/* End PBXBuildFile section */

/* Begin PBXFileReference section */
		082ACF5C2A024C6E00A2DEFD /* GFItemInfoVC.swift */ = {isa = PBXFileReference; lastKnownFileType = sourcecode.swift; path = GFItemInfoVC.swift; sourceTree = "<group>"; };
		082ACF642A02611000A2DEFD /* GFRepoItemVC.swift */ = {isa = PBXFileReference; lastKnownFileType = sourcecode.swift; path = GFRepoItemVC.swift; sourceTree = "<group>"; };
		082ACF662A0268C500A2DEFD /* GFFollowerItemVC.swift */ = {isa = PBXFileReference; lastKnownFileType = sourcecode.swift; path = GFFollowerItemVC.swift; sourceTree = "<group>"; };
		082ACF692A02776200A2DEFD /* Date+Ext.swift */ = {isa = PBXFileReference; lastKnownFileType = sourcecode.swift; path = "Date+Ext.swift"; sourceTree = "<group>"; };
		082ACF6B2A02797300A2DEFD /* String+Ext.swift */ = {isa = PBXFileReference; lastKnownFileType = sourcecode.swift; path = "String+Ext.swift"; sourceTree = "<group>"; };
		08DA075F29FE3DC30095A194 /* Follower.swift */ = {isa = PBXFileReference; lastKnownFileType = sourcecode.swift; path = Follower.swift; sourceTree = "<group>"; };
		08DA076129FE3EEB0095A194 /* User.swift */ = {isa = PBXFileReference; lastKnownFileType = sourcecode.swift; path = User.swift; sourceTree = "<group>"; };
		08DA076429FE59540095A194 /* NetworkManager.swift */ = {isa = PBXFileReference; lastKnownFileType = sourcecode.swift; path = NetworkManager.swift; sourceTree = "<group>"; };
		08DA076F29FE9E040095A194 /* GFNetworkError.swift */ = {isa = PBXFileReference; lastKnownFileType = sourcecode.swift; path = GFNetworkError.swift; sourceTree = "<group>"; };
		08DA077429FEBCFB0095A194 /* FollowerCell.swift */ = {isa = PBXFileReference; lastKnownFileType = sourcecode.swift; path = FollowerCell.swift; sourceTree = "<group>"; };
		08DA077629FEBE120095A194 /* GFAvatarImageView.swift */ = {isa = PBXFileReference; lastKnownFileType = sourcecode.swift; path = GFAvatarImageView.swift; sourceTree = "<group>"; };
		08DA077A29FF9BCC0095A194 /* UIHelper.swift */ = {isa = PBXFileReference; lastKnownFileType = sourcecode.swift; path = UIHelper.swift; sourceTree = "<group>"; };
		08DA07892A00422D0095A194 /* GFEmptyStateView.swift */ = {isa = PBXFileReference; lastKnownFileType = sourcecode.swift; path = GFEmptyStateView.swift; sourceTree = "<group>"; };
		08DA078D2A00F4690095A194 /* UserInfoVC.swift */ = {isa = PBXFileReference; lastKnownFileType = sourcecode.swift; path = UserInfoVC.swift; sourceTree = "<group>"; };
		08DA07932A0147850095A194 /* GFUserInfoHeaderVC.swift */ = {isa = PBXFileReference; lastKnownFileType = sourcecode.swift; path = GFUserInfoHeaderVC.swift; sourceTree = "<group>"; };
		08DA07952A0148180095A194 /* GFSubtitleLabel.swift */ = {isa = PBXFileReference; lastKnownFileType = sourcecode.swift; path = GFSubtitleLabel.swift; sourceTree = "<group>"; };
		08DA07972A0160160095A194 /* Constants.swift */ = {isa = PBXFileReference; lastKnownFileType = sourcecode.swift; path = Constants.swift; sourceTree = "<group>"; };
		08DA07A32A0239180095A194 /* GFItemInfoView.swift */ = {isa = PBXFileReference; lastKnownFileType = sourcecode.swift; path = GFItemInfoView.swift; sourceTree = "<group>"; };
		08F3581E29F832C70058845D /* GHFlwrs-UIKit.app */ = {isa = PBXFileReference; explicitFileType = wrapper.application; includeInIndex = 0; path = "GHFlwrs-UIKit.app"; sourceTree = BUILT_PRODUCTS_DIR; };
		08F3582129F832C70058845D /* AppDelegate.swift */ = {isa = PBXFileReference; lastKnownFileType = sourcecode.swift; path = AppDelegate.swift; sourceTree = "<group>"; };
		08F3582329F832C70058845D /* SceneDelegate.swift */ = {isa = PBXFileReference; lastKnownFileType = sourcecode.swift; path = SceneDelegate.swift; sourceTree = "<group>"; };
		08F3582A29F832CA0058845D /* Assets.xcassets */ = {isa = PBXFileReference; lastKnownFileType = folder.assetcatalog; path = Assets.xcassets; sourceTree = "<group>"; };
		08F3582D29F832CA0058845D /* Base */ = {isa = PBXFileReference; lastKnownFileType = file.storyboard; name = Base; path = Base.lproj/LaunchScreen.storyboard; sourceTree = "<group>"; };
		08F3582F29F832CA0058845D /* Info.plist */ = {isa = PBXFileReference; lastKnownFileType = text.plist.xml; path = Info.plist; sourceTree = "<group>"; };
		08F3584F29F841D40058845D /* SearchVC.swift */ = {isa = PBXFileReference; lastKnownFileType = sourcecode.swift; path = SearchVC.swift; sourceTree = "<group>"; };
		08F3585529F8439B0058845D /* FavoritesVC.swift */ = {isa = PBXFileReference; lastKnownFileType = sourcecode.swift; path = FavoritesVC.swift; sourceTree = "<group>"; };
		08F3585929F924510058845D /* GFButton.swift */ = {isa = PBXFileReference; lastKnownFileType = sourcecode.swift; path = GFButton.swift; sourceTree = "<group>"; };
		08F3585F29F932710058845D /* GFSearchField.swift */ = {isa = PBXFileReference; lastKnownFileType = sourcecode.swift; path = GFSearchField.swift; sourceTree = "<group>"; };
		08F3586529F97DFF0058845D /* FollowersListVC.swift */ = {isa = PBXFileReference; lastKnownFileType = sourcecode.swift; path = FollowersListVC.swift; sourceTree = "<group>"; };
		08F3586929F992DB0058845D /* GFTitleLabel.swift */ = {isa = PBXFileReference; lastKnownFileType = sourcecode.swift; path = GFTitleLabel.swift; sourceTree = "<group>"; };
		08F3586B29F995160058845D /* GFBodyLabel.swift */ = {isa = PBXFileReference; lastKnownFileType = sourcecode.swift; path = GFBodyLabel.swift; sourceTree = "<group>"; };
		08F3586D29F9966B0058845D /* GFAlertVC.swift */ = {isa = PBXFileReference; lastKnownFileType = sourcecode.swift; path = GFAlertVC.swift; sourceTree = "<group>"; };
		08F3587129F9A9390058845D /* UIViewController+Ext.swift */ = {isa = PBXFileReference; lastKnownFileType = sourcecode.swift; path = "UIViewController+Ext.swift"; sourceTree = "<group>"; };
		08F3589B29FD06CF0058845D /* GFAlertContainerView.swift */ = {isa = PBXFileReference; lastKnownFileType = sourcecode.swift; path = GFAlertContainerView.swift; sourceTree = "<group>"; };
/* End PBXFileReference section */

/* Begin PBXFrameworksBuildPhase section */
		08F3581B29F832C70058845D /* Frameworks */ = {
			isa = PBXFrameworksBuildPhase;
			buildActionMask = 2147483647;
			files = (
			);
			runOnlyForDeploymentPostprocessing = 0;
		};
/* End PBXFrameworksBuildPhase section */

/* Begin PBXGroup section */
		082ACF682A0269CE00A2DEFD /* ItemInfoVCs */ = {
			isa = PBXGroup;
			children = (
				082ACF5C2A024C6E00A2DEFD /* GFItemInfoVC.swift */,
				082ACF642A02611000A2DEFD /* GFRepoItemVC.swift */,
				082ACF662A0268C500A2DEFD /* GFFollowerItemVC.swift */,
			);
			path = ItemInfoVCs;
			sourceTree = "<group>";
		};
		08DA075E29FE3DB20095A194 /* Model */ = {
			isa = PBXGroup;
			children = (
				08DA075F29FE3DC30095A194 /* Follower.swift */,
				08DA076129FE3EEB0095A194 /* User.swift */,
			);
			path = Model;
			sourceTree = "<group>";
		};
		08DA076329FE593D0095A194 /* Managers */ = {
			isa = PBXGroup;
			children = (
				08DA076429FE59540095A194 /* NetworkManager.swift */,
			);
			path = Managers;
			sourceTree = "<group>";
		};
		08DA076E29FE9DEE0095A194 /* Utilities */ = {
			isa = PBXGroup;
			children = (
				08DA076F29FE9E040095A194 /* GFNetworkError.swift */,
				08DA077A29FF9BCC0095A194 /* UIHelper.swift */,
				08DA07972A0160160095A194 /* Constants.swift */,
			);
			path = Utilities;
			sourceTree = "<group>";
		};
		08DA07822A0041580095A194 /* Cells */ = {
			isa = PBXGroup;
			children = (
				08DA077429FEBCFB0095A194 /* FollowerCell.swift */,
			);
			path = Cells;
			sourceTree = "<group>";
		};
		08DA07832A00415E0095A194 /* Views */ = {
			isa = PBXGroup;
			children = (
				08F3589B29FD06CF0058845D /* GFAlertContainerView.swift */,
				08DA07892A00422D0095A194 /* GFEmptyStateView.swift */,
				08DA07A32A0239180095A194 /* GFItemInfoView.swift */,
			);
			path = Views;
			sourceTree = "<group>";
		};
		08DA07842A0041650095A194 /* Buttons */ = {
			isa = PBXGroup;
			children = (
				08F3585929F924510058845D /* GFButton.swift */,
			);
			path = Buttons;
			sourceTree = "<group>";
		};
		08DA07852A0041700095A194 /* TextFields */ = {
			isa = PBXGroup;
			children = (
				08F3585F29F932710058845D /* GFSearchField.swift */,
			);
			path = TextFields;
			sourceTree = "<group>";
		};
		08DA07862A00417D0095A194 /* ImageViews */ = {
			isa = PBXGroup;
			children = (
				08DA077629FEBE120095A194 /* GFAvatarImageView.swift */,
			);
			path = ImageViews;
			sourceTree = "<group>";
		};
		08DA07872A00418F0095A194 /* ViewControllers */ = {
			isa = PBXGroup;
			children = (
				08F3586D29F9966B0058845D /* GFAlertVC.swift */,
				08DA07932A0147850095A194 /* GFUserInfoHeaderVC.swift */,
				082ACF682A0269CE00A2DEFD /* ItemInfoVCs */,
			);
			path = ViewControllers;
			sourceTree = "<group>";
		};
		08DA07882A0041D50095A194 /* Labels */ = {
			isa = PBXGroup;
			children = (
				08F3586929F992DB0058845D /* GFTitleLabel.swift */,
				08F3586B29F995160058845D /* GFBodyLabel.swift */,
				08DA07952A0148180095A194 /* GFSubtitleLabel.swift */,
			);
			path = Labels;
			sourceTree = "<group>";
		};
		08F3581529F832C70058845D = {
			isa = PBXGroup;
			children = (
				08F3582029F832C70058845D /* GHFlwrs-UIKit */,
				08F3581F29F832C70058845D /* Products */,
			);
			sourceTree = "<group>";
		};
		08F3581F29F832C70058845D /* Products */ = {
			isa = PBXGroup;
			children = (
				08F3581E29F832C70058845D /* GHFlwrs-UIKit.app */,
			);
			name = Products;
			sourceTree = "<group>";
		};
		08F3582029F832C70058845D /* GHFlwrs-UIKit */ = {
			isa = PBXGroup;
			children = (
				08DA076E29FE9DEE0095A194 /* Utilities */,
				08DA076329FE593D0095A194 /* Managers */,
				08DA075E29FE3DB20095A194 /* Model */,
				08F3589629FD04060058845D /* Configuration */,
				08F3589529FD03820058845D /* Extensions */,
				08F3589429FD03280058845D /* Custom Views */,
				08F3589329FD02AC0058845D /* Screens */,
			);
			path = "GHFlwrs-UIKit";
			sourceTree = "<group>";
		};
		08F3589329FD02AC0058845D /* Screens */ = {
			isa = PBXGroup;
			children = (
				08F3584F29F841D40058845D /* SearchVC.swift */,
				08F3586529F97DFF0058845D /* FollowersListVC.swift */,
				08F3585529F8439B0058845D /* FavoritesVC.swift */,
				08DA078D2A00F4690095A194 /* UserInfoVC.swift */,
			);
			path = Screens;
			sourceTree = "<group>";
		};
		08F3589429FD03280058845D /* Custom Views */ = {
			isa = PBXGroup;
			children = (
				08DA07882A0041D50095A194 /* Labels */,
				08DA07872A00418F0095A194 /* ViewControllers */,
				08DA07862A00417D0095A194 /* ImageViews */,
				08DA07852A0041700095A194 /* TextFields */,
				08DA07842A0041650095A194 /* Buttons */,
				08DA07832A00415E0095A194 /* Views */,
				08DA07822A0041580095A194 /* Cells */,
			);
			path = "Custom Views";
			sourceTree = "<group>";
		};
		08F3589529FD03820058845D /* Extensions */ = {
			isa = PBXGroup;
			children = (
				08F3587129F9A9390058845D /* UIViewController+Ext.swift */,
				082ACF692A02776200A2DEFD /* Date+Ext.swift */,
				082ACF6B2A02797300A2DEFD /* String+Ext.swift */,
			);
			path = Extensions;
			sourceTree = "<group>";
		};
		08F3589629FD04060058845D /* Configuration */ = {
			isa = PBXGroup;
			children = (
				08F3582129F832C70058845D /* AppDelegate.swift */,
				08F3582329F832C70058845D /* SceneDelegate.swift */,
				08F3582A29F832CA0058845D /* Assets.xcassets */,
				08F3582C29F832CA0058845D /* LaunchScreen.storyboard */,
				08F3582F29F832CA0058845D /* Info.plist */,
			);
			path = Configuration;
			sourceTree = "<group>";
		};
/* End PBXGroup section */

/* Begin PBXNativeTarget section */
		08F3581D29F832C70058845D /* GHFlwrs-UIKit */ = {
			isa = PBXNativeTarget;
			buildConfigurationList = 08F3583229F832CA0058845D /* Build configuration list for PBXNativeTarget "GHFlwrs-UIKit" */;
			buildPhases = (
				08F3581A29F832C70058845D /* Sources */,
				08F3581B29F832C70058845D /* Frameworks */,
				08F3581C29F832C70058845D /* Resources */,
				08F3585229F8427C0058845D /* SwiftLint */,
			);
			buildRules = (
			);
			dependencies = (
			);
			name = "GHFlwrs-UIKit";
			productName = "GHFlwrs-UIKit";
			productReference = 08F3581E29F832C70058845D /* GHFlwrs-UIKit.app */;
			productType = "com.apple.product-type.application";
		};
/* End PBXNativeTarget section */

/* Begin PBXProject section */
		08F3581629F832C70058845D /* Project object */ = {
			isa = PBXProject;
			attributes = {
				BuildIndependentTargetsInParallel = 1;
				LastSwiftUpdateCheck = 1430;
				LastUpgradeCheck = 1430;
				TargetAttributes = {
					08F3581D29F832C70058845D = {
						CreatedOnToolsVersion = 14.3;
					};
				};
			};
			buildConfigurationList = 08F3581929F832C70058845D /* Build configuration list for PBXProject "GHFlwrs-UIKit" */;
			compatibilityVersion = "Xcode 14.0";
			developmentRegion = en;
			hasScannedForEncodings = 0;
			knownRegions = (
				en,
				Base,
			);
			mainGroup = 08F3581529F832C70058845D;
			productRefGroup = 08F3581F29F832C70058845D /* Products */;
			projectDirPath = "";
			projectRoot = "";
			targets = (
				08F3581D29F832C70058845D /* GHFlwrs-UIKit */,
			);
		};
/* End PBXProject section */

/* Begin PBXResourcesBuildPhase section */
		08F3581C29F832C70058845D /* Resources */ = {
			isa = PBXResourcesBuildPhase;
			buildActionMask = 2147483647;
			files = (
				08F3582E29F832CA0058845D /* LaunchScreen.storyboard in Resources */,
				08F3582B29F832CA0058845D /* Assets.xcassets in Resources */,
			);
			runOnlyForDeploymentPostprocessing = 0;
		};
/* End PBXResourcesBuildPhase section */

/* Begin PBXShellScriptBuildPhase section */
		08F3585229F8427C0058845D /* SwiftLint */ = {
			isa = PBXShellScriptBuildPhase;
			alwaysOutOfDate = 1;
			buildActionMask = 2147483647;
			files = (
			);
			inputFileListPaths = (
			);
			inputPaths = (
			);
			name = SwiftLint;
			outputFileListPaths = (
			);
			outputPaths = (
			);
			runOnlyForDeploymentPostprocessing = 0;
			shellPath = /bin/sh;
			shellScript = "if which swiftlint > /dev/null; then\n  swiftlint\nelse\n  echo \"warning: SwiftLint not installed, download from https://github.com/realm/SwiftLint\"\nfi\n";
		};
/* End PBXShellScriptBuildPhase section */

/* Begin PBXSourcesBuildPhase section */
		08F3581A29F832C70058845D /* Sources */ = {
			isa = PBXSourcesBuildPhase;
			buildActionMask = 2147483647;
			files = (
				08F3589C29FD06CF0058845D /* GFAlertContainerView.swift in Sources */,
				08F3586029F932710058845D /* GFSearchField.swift in Sources */,
				08DA07962A0148180095A194 /* GFSubtitleLabel.swift in Sources */,
				08F3586629F97E000058845D /* FollowersListVC.swift in Sources */,
				082ACF652A02611000A2DEFD /* GFRepoItemVC.swift in Sources */,
				08DA07942A0147850095A194 /* GFUserInfoHeaderVC.swift in Sources */,
				08F3585629F8439B0058845D /* FavoritesVC.swift in Sources */,
				08F3587229F9A9390058845D /* UIViewController+Ext.swift in Sources */,
				08DA078A2A00422D0095A194 /* GFEmptyStateView.swift in Sources */,
				08F3585A29F924510058845D /* GFButton.swift in Sources */,
				08DA076229FE3EEB0095A194 /* User.swift in Sources */,
				08DA077529FEBCFB0095A194 /* FollowerCell.swift in Sources */,
				08DA077729FEBE120095A194 /* GFAvatarImageView.swift in Sources */,
				08F3586E29F9966B0058845D /* GFAlertVC.swift in Sources */,
				08DA078E2A00F4690095A194 /* UserInfoVC.swift in Sources */,
				08DA076029FE3DC30095A194 /* Follower.swift in Sources */,
				08F3586C29F995160058845D /* GFBodyLabel.swift in Sources */,
				08F3586A29F992DB0058845D /* GFTitleLabel.swift in Sources */,
				082ACF6C2A02797300A2DEFD /* String+Ext.swift in Sources */,
				08F3585029F841D40058845D /* SearchVC.swift in Sources */,
				082ACF5D2A024C6E00A2DEFD /* GFItemInfoVC.swift in Sources */,
				082ACF672A0268C500A2DEFD /* GFFollowerItemVC.swift in Sources */,
				08DA077029FE9E040095A194 /* GFNetworkError.swift in Sources */,
				08DA077B29FF9BCC0095A194 /* UIHelper.swift in Sources */,
				082ACF6A2A02776200A2DEFD /* Date+Ext.swift in Sources */,
				08DA076529FE59540095A194 /* NetworkManager.swift in Sources */,
				08F3582229F832C70058845D /* AppDelegate.swift in Sources */,
				08DA07A42A0239180095A194 /* GFItemInfoView.swift in Sources */,
				08F3582429F832C70058845D /* SceneDelegate.swift in Sources */,
				08DA07982A0160160095A194 /* Constants.swift in Sources */,
			);
			runOnlyForDeploymentPostprocessing = 0;
		};
/* End PBXSourcesBuildPhase section */

/* Begin PBXVariantGroup section */
		08F3582C29F832CA0058845D /* LaunchScreen.storyboard */ = {
			isa = PBXVariantGroup;
			children = (
				08F3582D29F832CA0058845D /* Base */,
			);
			name = LaunchScreen.storyboard;
			sourceTree = "<group>";
		};
/* End PBXVariantGroup section */

/* Begin XCBuildConfiguration section */
		08F3583029F832CA0058845D /* Debug */ = {
			isa = XCBuildConfiguration;
			buildSettings = {
				ALWAYS_SEARCH_USER_PATHS = NO;
				CLANG_ANALYZER_NONNULL = YES;
				CLANG_ANALYZER_NUMBER_OBJECT_CONVERSION = YES_AGGRESSIVE;
				CLANG_CXX_LANGUAGE_STANDARD = "gnu++20";
				CLANG_ENABLE_MODULES = YES;
				CLANG_ENABLE_OBJC_ARC = YES;
				CLANG_ENABLE_OBJC_WEAK = YES;
				CLANG_WARN_BLOCK_CAPTURE_AUTORELEASING = YES;
				CLANG_WARN_BOOL_CONVERSION = YES;
				CLANG_WARN_COMMA = YES;
				CLANG_WARN_CONSTANT_CONVERSION = YES;
				CLANG_WARN_DEPRECATED_OBJC_IMPLEMENTATIONS = YES;
				CLANG_WARN_DIRECT_OBJC_ISA_USAGE = YES_ERROR;
				CLANG_WARN_DOCUMENTATION_COMMENTS = YES;
				CLANG_WARN_EMPTY_BODY = YES;
				CLANG_WARN_ENUM_CONVERSION = YES;
				CLANG_WARN_INFINITE_RECURSION = YES;
				CLANG_WARN_INT_CONVERSION = YES;
				CLANG_WARN_NON_LITERAL_NULL_CONVERSION = YES;
				CLANG_WARN_OBJC_IMPLICIT_RETAIN_SELF = YES;
				CLANG_WARN_OBJC_LITERAL_CONVERSION = YES;
				CLANG_WARN_OBJC_ROOT_CLASS = YES_ERROR;
				CLANG_WARN_QUOTED_INCLUDE_IN_FRAMEWORK_HEADER = YES;
				CLANG_WARN_RANGE_LOOP_ANALYSIS = YES;
				CLANG_WARN_STRICT_PROTOTYPES = YES;
				CLANG_WARN_SUSPICIOUS_MOVE = YES;
				CLANG_WARN_UNGUARDED_AVAILABILITY = YES_AGGRESSIVE;
				CLANG_WARN_UNREACHABLE_CODE = YES;
				CLANG_WARN__DUPLICATE_METHOD_MATCH = YES;
				COPY_PHASE_STRIP = NO;
				DEBUG_INFORMATION_FORMAT = dwarf;
				ENABLE_STRICT_OBJC_MSGSEND = YES;
				ENABLE_TESTABILITY = YES;
				GCC_C_LANGUAGE_STANDARD = gnu11;
				GCC_DYNAMIC_NO_PIC = NO;
				GCC_NO_COMMON_BLOCKS = YES;
				GCC_OPTIMIZATION_LEVEL = 0;
				GCC_PREPROCESSOR_DEFINITIONS = (
					"DEBUG=1",
					"$(inherited)",
				);
				GCC_WARN_64_TO_32_BIT_CONVERSION = YES;
				GCC_WARN_ABOUT_RETURN_TYPE = YES_ERROR;
				GCC_WARN_UNDECLARED_SELECTOR = YES;
				GCC_WARN_UNINITIALIZED_AUTOS = YES_AGGRESSIVE;
				GCC_WARN_UNUSED_FUNCTION = YES;
				GCC_WARN_UNUSED_VARIABLE = YES;
				IPHONEOS_DEPLOYMENT_TARGET = 16.4;
				MTL_ENABLE_DEBUG_INFO = INCLUDE_SOURCE;
				MTL_FAST_MATH = YES;
				ONLY_ACTIVE_ARCH = YES;
				SDKROOT = iphoneos;
				SWIFT_ACTIVE_COMPILATION_CONDITIONS = DEBUG;
				SWIFT_OPTIMIZATION_LEVEL = "-Onone";
			};
			name = Debug;
		};
		08F3583129F832CA0058845D /* Release */ = {
			isa = XCBuildConfiguration;
			buildSettings = {
				ALWAYS_SEARCH_USER_PATHS = NO;
				CLANG_ANALYZER_NONNULL = YES;
				CLANG_ANALYZER_NUMBER_OBJECT_CONVERSION = YES_AGGRESSIVE;
				CLANG_CXX_LANGUAGE_STANDARD = "gnu++20";
				CLANG_ENABLE_MODULES = YES;
				CLANG_ENABLE_OBJC_ARC = YES;
				CLANG_ENABLE_OBJC_WEAK = YES;
				CLANG_WARN_BLOCK_CAPTURE_AUTORELEASING = YES;
				CLANG_WARN_BOOL_CONVERSION = YES;
				CLANG_WARN_COMMA = YES;
				CLANG_WARN_CONSTANT_CONVERSION = YES;
				CLANG_WARN_DEPRECATED_OBJC_IMPLEMENTATIONS = YES;
				CLANG_WARN_DIRECT_OBJC_ISA_USAGE = YES_ERROR;
				CLANG_WARN_DOCUMENTATION_COMMENTS = YES;
				CLANG_WARN_EMPTY_BODY = YES;
				CLANG_WARN_ENUM_CONVERSION = YES;
				CLANG_WARN_INFINITE_RECURSION = YES;
				CLANG_WARN_INT_CONVERSION = YES;
				CLANG_WARN_NON_LITERAL_NULL_CONVERSION = YES;
				CLANG_WARN_OBJC_IMPLICIT_RETAIN_SELF = YES;
				CLANG_WARN_OBJC_LITERAL_CONVERSION = YES;
				CLANG_WARN_OBJC_ROOT_CLASS = YES_ERROR;
				CLANG_WARN_QUOTED_INCLUDE_IN_FRAMEWORK_HEADER = YES;
				CLANG_WARN_RANGE_LOOP_ANALYSIS = YES;
				CLANG_WARN_STRICT_PROTOTYPES = YES;
				CLANG_WARN_SUSPICIOUS_MOVE = YES;
				CLANG_WARN_UNGUARDED_AVAILABILITY = YES_AGGRESSIVE;
				CLANG_WARN_UNREACHABLE_CODE = YES;
				CLANG_WARN__DUPLICATE_METHOD_MATCH = YES;
				COPY_PHASE_STRIP = NO;
				DEBUG_INFORMATION_FORMAT = "dwarf-with-dsym";
				ENABLE_NS_ASSERTIONS = NO;
				ENABLE_STRICT_OBJC_MSGSEND = YES;
				GCC_C_LANGUAGE_STANDARD = gnu11;
				GCC_NO_COMMON_BLOCKS = YES;
				GCC_WARN_64_TO_32_BIT_CONVERSION = YES;
				GCC_WARN_ABOUT_RETURN_TYPE = YES_ERROR;
				GCC_WARN_UNDECLARED_SELECTOR = YES;
				GCC_WARN_UNINITIALIZED_AUTOS = YES_AGGRESSIVE;
				GCC_WARN_UNUSED_FUNCTION = YES;
				GCC_WARN_UNUSED_VARIABLE = YES;
				IPHONEOS_DEPLOYMENT_TARGET = 16.4;
				MTL_ENABLE_DEBUG_INFO = NO;
				MTL_FAST_MATH = YES;
				SDKROOT = iphoneos;
				SWIFT_COMPILATION_MODE = wholemodule;
				SWIFT_OPTIMIZATION_LEVEL = "-O";
				VALIDATE_PRODUCT = YES;
			};
			name = Release;
		};
		08F3583329F832CA0058845D /* Debug */ = {
			isa = XCBuildConfiguration;
			buildSettings = {
				ASSETCATALOG_COMPILER_APPICON_NAME = AppIcon;
				ASSETCATALOG_COMPILER_GLOBAL_ACCENT_COLOR_NAME = AccentColor;
				CODE_SIGN_STYLE = Automatic;
				CURRENT_PROJECT_VERSION = 1;
				DEVELOPMENT_TEAM = Y7QY22UYMJ;
				GENERATE_INFOPLIST_FILE = YES;
				INFOPLIST_FILE = "GHFlwrs-UIKit/Configuration/Info.plist";
				INFOPLIST_KEY_UIApplicationSupportsIndirectInputEvents = YES;
				INFOPLIST_KEY_UILaunchStoryboardName = LaunchScreen;
				INFOPLIST_KEY_UISupportedInterfaceOrientations = UIInterfaceOrientationPortrait;
				INFOPLIST_KEY_UISupportedInterfaceOrientations_iPad = "UIInterfaceOrientationLandscapeLeft UIInterfaceOrientationLandscapeRight UIInterfaceOrientationPortrait UIInterfaceOrientationPortraitUpsideDown";
				LD_RUNPATH_SEARCH_PATHS = (
					"$(inherited)",
					"@executable_path/Frameworks",
				);
				MARKETING_VERSION = 1.0;
				PRODUCT_BUNDLE_IDENTIFIER = "com.denys-triasunov.GHFlwrs-UIKit";
				PRODUCT_NAME = "$(TARGET_NAME)";
				SUPPORTED_PLATFORMS = "iphoneos iphonesimulator";
				SUPPORTS_MACCATALYST = NO;
				SUPPORTS_MAC_DESIGNED_FOR_IPHONE_IPAD = NO;
				SWIFT_EMIT_LOC_STRINGS = YES;
				SWIFT_VERSION = 5.0;
				TARGETED_DEVICE_FAMILY = 1;
			};
			name = Debug;
		};
		08F3583429F832CA0058845D /* Release */ = {
			isa = XCBuildConfiguration;
			buildSettings = {
				ASSETCATALOG_COMPILER_APPICON_NAME = AppIcon;
				ASSETCATALOG_COMPILER_GLOBAL_ACCENT_COLOR_NAME = AccentColor;
				CODE_SIGN_STYLE = Automatic;
				CURRENT_PROJECT_VERSION = 1;
				DEVELOPMENT_TEAM = Y7QY22UYMJ;
				GENERATE_INFOPLIST_FILE = YES;
				INFOPLIST_FILE = "GHFlwrs-UIKit/Configuration/Info.plist";
				INFOPLIST_KEY_UIApplicationSupportsIndirectInputEvents = YES;
				INFOPLIST_KEY_UILaunchStoryboardName = LaunchScreen;
				INFOPLIST_KEY_UISupportedInterfaceOrientations = UIInterfaceOrientationPortrait;
				INFOPLIST_KEY_UISupportedInterfaceOrientations_iPad = "UIInterfaceOrientationLandscapeLeft UIInterfaceOrientationLandscapeRight UIInterfaceOrientationPortrait UIInterfaceOrientationPortraitUpsideDown";
				LD_RUNPATH_SEARCH_PATHS = (
					"$(inherited)",
					"@executable_path/Frameworks",
				);
				MARKETING_VERSION = 1.0;
				PRODUCT_BUNDLE_IDENTIFIER = "com.denys-triasunov.GHFlwrs-UIKit";
				PRODUCT_NAME = "$(TARGET_NAME)";
				SUPPORTED_PLATFORMS = "iphoneos iphonesimulator";
				SUPPORTS_MACCATALYST = NO;
				SUPPORTS_MAC_DESIGNED_FOR_IPHONE_IPAD = NO;
				SWIFT_EMIT_LOC_STRINGS = YES;
				SWIFT_VERSION = 5.0;
				TARGETED_DEVICE_FAMILY = 1;
			};
			name = Release;
		};
/* End XCBuildConfiguration section */

/* Begin XCConfigurationList section */
		08F3581929F832C70058845D /* Build configuration list for PBXProject "GHFlwrs-UIKit" */ = {
			isa = XCConfigurationList;
			buildConfigurations = (
				08F3583029F832CA0058845D /* Debug */,
				08F3583129F832CA0058845D /* Release */,
			);
			defaultConfigurationIsVisible = 0;
			defaultConfigurationName = Release;
		};
		08F3583229F832CA0058845D /* Build configuration list for PBXNativeTarget "GHFlwrs-UIKit" */ = {
			isa = XCConfigurationList;
			buildConfigurations = (
				08F3583329F832CA0058845D /* Debug */,
				08F3583429F832CA0058845D /* Release */,
			);
			defaultConfigurationIsVisible = 0;
			defaultConfigurationName = Release;
		};
/* End XCConfigurationList section */
	};
	rootObject = 08F3581629F832C70058845D /* Project object */;
}
